// !$*UTF8*$!
{
	archiveVersion = 1;
	classes = {
	};
	objectVersion = 56;
	objects = {

/* Begin PBXBuildFile section */
		EA04AB452C37CAEE003D50C9 /* BrandInfoApp.swift in Sources */ = {isa = PBXBuildFile; fileRef = EA04AB442C37CAEE003D50C9 /* BrandInfoApp.swift */; };
		EA04AB472C37CAEE003D50C9 /* ContentView.swift in Sources */ = {isa = PBXBuildFile; fileRef = EA04AB462C37CAEE003D50C9 /* ContentView.swift */; };
		EA04AB492C37CAEF003D50C9 /* Assets.xcassets in Resources */ = {isa = PBXBuildFile; fileRef = EA04AB482C37CAEF003D50C9 /* Assets.xcassets */; };
		EA04AB4C2C37CAEF003D50C9 /* Preview Assets.xcassets in Resources */ = {isa = PBXBuildFile; fileRef = EA04AB4B2C37CAEF003D50C9 /* Preview Assets.xcassets */; };
		EA04AB592C37CCC3003D50C9 /* Nike.swift in Sources */ = {isa = PBXBuildFile; fileRef = EA04AB582C37CCC3003D50C9 /* Nike.swift */; };
		EA04AB602C37D2AF003D50C9 /* Content.swift in Sources */ = {isa = PBXBuildFile; fileRef = EA04AB5F2C37D2AF003D50C9 /* Content.swift */; };
		EA04AB622C37D6FF003D50C9 /* BrandDetail.swift in Sources */ = {isa = PBXBuildFile; fileRef = EA04AB612C37D6FF003D50C9 /* BrandDetail.swift */; };
/* End PBXBuildFile section */

/* Begin PBXFileReference section */
		EA04AB412C37CAEE003D50C9 /* BrandInfo.app */ = {isa = PBXFileReference; explicitFileType = wrapper.application; includeInIndex = 0; path = BrandInfo.app; sourceTree = BUILT_PRODUCTS_DIR; };
		EA04AB442C37CAEE003D50C9 /* BrandInfoApp.swift */ = {isa = PBXFileReference; lastKnownFileType = sourcecode.swift; path = BrandInfoApp.swift; sourceTree = "<group>"; };
		EA04AB462C37CAEE003D50C9 /* ContentView.swift */ = {isa = PBXFileReference; lastKnownFileType = sourcecode.swift; path = ContentView.swift; sourceTree = "<group>"; };
		EA04AB482C37CAEF003D50C9 /* Assets.xcassets */ = {isa = PBXFileReference; lastKnownFileType = folder.assetcatalog; path = Assets.xcassets; sourceTree = "<group>"; };
		EA04AB4B2C37CAEF003D50C9 /* Preview Assets.xcassets */ = {isa = PBXFileReference; lastKnownFileType = folder.assetcatalog; path = "Preview Assets.xcassets"; sourceTree = "<group>"; };
		EA04AB582C37CCC3003D50C9 /* Nike.swift */ = {isa = PBXFileReference; lastKnownFileType = sourcecode.swift; path = Nike.swift; sourceTree = "<group>"; };
		EA04AB5F2C37D2AF003D50C9 /* Content.swift */ = {isa = PBXFileReference; lastKnownFileType = sourcecode.swift; path = Content.swift; sourceTree = "<group>"; };
		EA04AB612C37D6FF003D50C9 /* BrandDetail.swift */ = {isa = PBXFileReference; lastKnownFileType = sourcecode.swift; path = BrandDetail.swift; sourceTree = "<group>"; };
/* End PBXFileReference section */

/* Begin PBXFrameworksBuildPhase section */
		EA04AB3E2C37CAEE003D50C9 /* Frameworks */ = {
			isa = PBXFrameworksBuildPhase;
			buildActionMask = 2147483647;
			files = (
			);
			runOnlyForDeploymentPostprocessing = 0;
		};
/* End PBXFrameworksBuildPhase section */

/* Begin PBXGroup section */
		EA04AB382C37CAEE003D50C9 = {
			isa = PBXGroup;
			children = (
				EA04AB432C37CAEE003D50C9 /* BrandInfo */,
				EA04AB422C37CAEE003D50C9 /* Products */,
			);
			sourceTree = "<group>";
		};
		EA04AB422C37CAEE003D50C9 /* Products */ = {
			isa = PBXGroup;
			children = (
				EA04AB412C37CAEE003D50C9 /* BrandInfo.app */,
			);
			name = Products;
			sourceTree = "<group>";
		};
		EA04AB432C37CAEE003D50C9 /* BrandInfo */ = {
			isa = PBXGroup;
			children = (
				EA04AB442C37CAEE003D50C9 /* BrandInfoApp.swift */,
				EA04AB522C37CB39003D50C9 /* Models */,
				EA04AB542C37CB54003D50C9 /* Data */,
				EA04AB532C37CB48003D50C9 /* Views */,
				EA04AB482C37CAEF003D50C9 /* Assets.xcassets */,
				EA04AB4A2C37CAEF003D50C9 /* Preview Content */,
			);
			path = BrandInfo;
			sourceTree = "<group>";
		};
		EA04AB4A2C37CAEF003D50C9 /* Preview Content */ = {
			isa = PBXGroup;
			children = (
				EA04AB4B2C37CAEF003D50C9 /* Preview Assets.xcassets */,
			);
			path = "Preview Content";
			sourceTree = "<group>";
		};
		EA04AB522C37CB39003D50C9 /* Models */ = {
			isa = PBXGroup;
			children = (
				EA04AB582C37CCC3003D50C9 /* Nike.swift */,
			);
			path = Models;
			sourceTree = "<group>";
		};
		EA04AB532C37CB48003D50C9 /* Views */ = {
			isa = PBXGroup;
			children = (
				EA04AB462C37CAEE003D50C9 /* ContentView.swift */,
				EA04AB612C37D6FF003D50C9 /* BrandDetail.swift */,
			);
			path = Views;
			sourceTree = "<group>";
		};
		EA04AB542C37CB54003D50C9 /* Data */ = {
			isa = PBXGroup;
			children = (
				EA04AB5F2C37D2AF003D50C9 /* Content.swift */,
			);
			path = Data;
			sourceTree = "<group>";
		};
/* End PBXGroup section */

/* Begin PBXNativeTarget section */
		EA04AB402C37CAEE003D50C9 /* BrandInfo */ = {
			isa = PBXNativeTarget;
			buildConfigurationList = EA04AB4F2C37CAEF003D50C9 /* Build configuration list for PBXNativeTarget "BrandInfo" */;
			buildPhases = (
				EA04AB3D2C37CAEE003D50C9 /* Sources */,
				EA04AB3E2C37CAEE003D50C9 /* Frameworks */,
				EA04AB3F2C37CAEE003D50C9 /* Resources */,
			);
			buildRules = (
			);
			dependencies = (
			);
			name = BrandInfo;
			productName = BrandInfo;
			productReference = EA04AB412C37CAEE003D50C9 /* BrandInfo.app */;
			productType = "com.apple.product-type.application";
		};
/* End PBXNativeTarget section */

/* Begin PBXProject section */
		EA04AB392C37CAEE003D50C9 /* Project object */ = {
			isa = PBXProject;
			attributes = {
				BuildIndependentTargetsInParallel = 1;
				LastSwiftUpdateCheck = 1540;
				LastUpgradeCheck = 1540;
				TargetAttributes = {
					EA04AB402C37CAEE003D50C9 = {
						CreatedOnToolsVersion = 15.4;
					};
				};
			};
			buildConfigurationList = EA04AB3C2C37CAEE003D50C9 /* Build configuration list for PBXProject "BrandInfo" */;
			compatibilityVersion = "Xcode 14.0";
			developmentRegion = en;
			hasScannedForEncodings = 0;
			knownRegions = (
				en,
				Base,
			);
			mainGroup = EA04AB382C37CAEE003D50C9;
			productRefGroup = EA04AB422C37CAEE003D50C9 /* Products */;
			projectDirPath = "";
			projectRoot = "";
			targets = (
				EA04AB402C37CAEE003D50C9 /* BrandInfo */,
			);
		};
/* End PBXProject section */

/* Begin PBXResourcesBuildPhase section */
		EA04AB3F2C37CAEE003D50C9 /* Resources */ = {
			isa = PBXResourcesBuildPhase;
			buildActionMask = 2147483647;
			files = (
				EA04AB4C2C37CAEF003D50C9 /* Preview Assets.xcassets in Resources */,
				EA04AB492C37CAEF003D50C9 /* Assets.xcassets in Resources */,
			);
			runOnlyForDeploymentPostprocessing = 0;
		};
/* End PBXResourcesBuildPhase section */

/* Begin PBXSourcesBuildPhase section */
		EA04AB3D2C37CAEE003D50C9 /* Sources */ = {
			isa = PBXSourcesBuildPhase;
			buildActionMask = 2147483647;
			files = (
				EA04AB622C37D6FF003D50C9 /* BrandDetail.swift in Sources */,
				EA04AB592C37CCC3003D50C9 /* Nike.swift in Sources */,
				EA04AB472C37CAEE003D50C9 /* ContentView.swift in Sources */,
				EA04AB602C37D2AF003D50C9 /* Content.swift in Sources */,
				EA04AB452C37CAEE003D50C9 /* BrandInfoApp.swift in Sources */,
			);
			runOnlyForDeploymentPostprocessing = 0;
		};
/* End PBXSourcesBuildPhase section */

/* Begin XCBuildConfiguration section */
		EA04AB4D2C37CAEF003D50C9 /* Debug */ = {
			isa = XCBuildConfiguration;
			buildSettings = {
				ALWAYS_SEARCH_USER_PATHS = NO;
				ASSETCATALOG_COMPILER_GENERATE_SWIFT_ASSET_SYMBOL_EXTENSIONS = YES;
				CLANG_ANALYZER_NONNULL = YES;
				CLANG_ANALYZER_NUMBER_OBJECT_CONVERSION = YES_AGGRESSIVE;
				CLANG_CXX_LANGUAGE_STANDARD = "gnu++20";
				CLANG_ENABLE_MODULES = YES;
				CLANG_ENABLE_OBJC_ARC = YES;
				CLANG_ENABLE_OBJC_WEAK = YES;
				CLANG_WARN_BLOCK_CAPTURE_AUTORELEASING = YES;
				CLANG_WARN_BOOL_CONVERSION = YES;
				CLANG_WARN_COMMA = YES;
				CLANG_WARN_CONSTANT_CONVERSION = YES;
				CLANG_WARN_DEPRECATED_OBJC_IMPLEMENTATIONS = YES;
				CLANG_WARN_DIRECT_OBJC_ISA_USAGE = YES_ERROR;
				CLANG_WARN_DOCUMENTATION_COMMENTS = YES;
				CLANG_WARN_EMPTY_BODY = YES;
				CLANG_WARN_ENUM_CONVERSION = YES;
				CLANG_WARN_INFINITE_RECURSION = YES;
				CLANG_WARN_INT_CONVERSION = YES;
				CLANG_WARN_NON_LITERAL_NULL_CONVERSION = YES;
				CLANG_WARN_OBJC_IMPLICIT_RETAIN_SELF = YES;
				CLANG_WARN_OBJC_LITERAL_CONVERSION = YES;
				CLANG_WARN_OBJC_ROOT_CLASS = YES_ERROR;
				CLANG_WARN_QUOTED_INCLUDE_IN_FRAMEWORK_HEADER = YES;
				CLANG_WARN_RANGE_LOOP_ANALYSIS = YES;
				CLANG_WARN_STRICT_PROTOTYPES = YES;
				CLANG_WARN_SUSPICIOUS_MOVE = YES;
				CLANG_WARN_UNGUARDED_AVAILABILITY = YES_AGGRESSIVE;
				CLANG_WARN_UNREACHABLE_CODE = YES;
				CLANG_WARN__DUPLICATE_METHOD_MATCH = YES;
				COPY_PHASE_STRIP = NO;
				DEBUG_INFORMATION_FORMAT = dwarf;
				ENABLE_STRICT_OBJC_MSGSEND = YES;
				ENABLE_TESTABILITY = YES;
				ENABLE_USER_SCRIPT_SANDBOXING = YES;
				GCC_C_LANGUAGE_STANDARD = gnu17;
				GCC_DYNAMIC_NO_PIC = NO;
				GCC_NO_COMMON_BLOCKS = YES;
				GCC_OPTIMIZATION_LEVEL = 0;
				GCC_PREPROCESSOR_DEFINITIONS = (
					"DEBUG=1",
					"$(inherited)",
				);
				GCC_WARN_64_TO_32_BIT_CONVERSION = YES;
				GCC_WARN_ABOUT_RETURN_TYPE = YES_ERROR;
				GCC_WARN_UNDECLARED_SELECTOR = YES;
				GCC_WARN_UNINITIALIZED_AUTOS = YES_AGGRESSIVE;
				GCC_WARN_UNUSED_FUNCTION = YES;
				GCC_WARN_UNUSED_VARIABLE = YES;
				IPHONEOS_DEPLOYMENT_TARGET = 17.5;
				LOCALIZATION_PREFERS_STRING_CATALOGS = YES;
				MTL_ENABLE_DEBUG_INFO = INCLUDE_SOURCE;
				MTL_FAST_MATH = YES;
				ONLY_ACTIVE_ARCH = YES;
				SDKROOT = iphoneos;
				SWIFT_ACTIVE_COMPILATION_CONDITIONS = "DEBUG $(inherited)";
				SWIFT_OPTIMIZATION_LEVEL = "-Onone";
			};
			name = Debug;
		};
		EA04AB4E2C37CAEF003D50C9 /* Release */ = {
			isa = XCBuildConfiguration;
			buildSettings = {
				ALWAYS_SEARCH_USER_PATHS = NO;
				ASSETCATALOG_COMPILER_GENERATE_SWIFT_ASSET_SYMBOL_EXTENSIONS = YES;
				CLANG_ANALYZER_NONNULL = YES;
				CLANG_ANALYZER_NUMBER_OBJECT_CONVERSION = YES_AGGRESSIVE;
				CLANG_CXX_LANGUAGE_STANDARD = "gnu++20";
				CLANG_ENABLE_MODULES = YES;
				CLANG_ENABLE_OBJC_ARC = YES;
				CLANG_ENABLE_OBJC_WEAK = YES;
				CLANG_WARN_BLOCK_CAPTURE_AUTORELEASING = YES;
				CLANG_WARN_BOOL_CONVERSION = YES;
				CLANG_WARN_COMMA = YES;
				CLANG_WARN_CONSTANT_CONVERSION = YES;
				CLANG_WARN_DEPRECATED_OBJC_IMPLEMENTATIONS = YES;
				CLANG_WARN_DIRECT_OBJC_ISA_USAGE = YES_ERROR;
				CLANG_WARN_DOCUMENTATION_COMMENTS = YES;
				CLANG_WARN_EMPTY_BODY = YES;
				CLANG_WARN_ENUM_CONVERSION = YES;
				CLANG_WARN_INFINITE_RECURSION = YES;
				CLANG_WARN_INT_CONVERSION = YES;
				CLANG_WARN_NON_LITERAL_NULL_CONVERSION = YES;
				CLANG_WARN_OBJC_IMPLICIT_RETAIN_SELF = YES;
				CLANG_WARN_OBJC_LITERAL_CONVERSION = YES;
				CLANG_WARN_OBJC_ROOT_CLASS = YES_ERROR;
				CLANG_WARN_QUOTED_INCLUDE_IN_FRAMEWORK_HEADER = YES;
				CLANG_WARN_RANGE_LOOP_ANALYSIS = YES;
				CLANG_WARN_STRICT_PROTOTYPES = YES;
				CLANG_WARN_SUSPICIOUS_MOVE = YES;
				CLANG_WARN_UNGUARDED_AVAILABILITY = YES_AGGRESSIVE;
				CLANG_WARN_UNREACHABLE_CODE = YES;
				CLANG_WARN__DUPLICATE_METHOD_MATCH = YES;
				COPY_PHASE_STRIP = NO;
				DEBUG_INFORMATION_FORMAT = "dwarf-with-dsym";
				ENABLE_NS_ASSERTIONS = NO;
				ENABLE_STRICT_OBJC_MSGSEND = YES;
				ENABLE_USER_SCRIPT_SANDBOXING = YES;
				GCC_C_LANGUAGE_STANDARD = gnu17;
				GCC_NO_COMMON_BLOCKS = YES;
				GCC_WARN_64_TO_32_BIT_CONVERSION = YES;
				GCC_WARN_ABOUT_RETURN_TYPE = YES_ERROR;
				GCC_WARN_UNDECLARED_SELECTOR = YES;
				GCC_WARN_UNINITIALIZED_AUTOS = YES_AGGRESSIVE;
				GCC_WARN_UNUSED_FUNCTION = YES;
				GCC_WARN_UNUSED_VARIABLE = YES;
				IPHONEOS_DEPLOYMENT_TARGET = 17.5;
				LOCALIZATION_PREFERS_STRING_CATALOGS = YES;
				MTL_ENABLE_DEBUG_INFO = NO;
				MTL_FAST_MATH = YES;
				SDKROOT = iphoneos;
				SWIFT_COMPILATION_MODE = wholemodule;
				VALIDATE_PRODUCT = YES;
			};
			name = Release;
		};
		EA04AB502C37CAEF003D50C9 /* Debug */ = {
			isa = XCBuildConfiguration;
			buildSettings = {
				ASSETCATALOG_COMPILER_APPICON_NAME = AppIcon;
				ASSETCATALOG_COMPILER_GLOBAL_ACCENT_COLOR_NAME = AccentColor;
				CODE_SIGN_STYLE = Automatic;
				CURRENT_PROJECT_VERSION = 1;
				DEVELOPMENT_ASSET_PATHS = "\"BrandInfo/Preview Content\"";
				ENABLE_PREVIEWS = YES;
				GENERATE_INFOPLIST_FILE = YES;
				INFOPLIST_KEY_UIApplicationSceneManifest_Generation = YES;
				INFOPLIST_KEY_UIApplicationSupportsIndirectInputEvents = YES;
				INFOPLIST_KEY_UILaunchScreen_Generation = YES;
				INFOPLIST_KEY_UISupportedInterfaceOrientations_iPad = "UIInterfaceOrientationPortrait UIInterfaceOrientationPortraitUpsideDown UIInterfaceOrientationLandscapeLeft UIInterfaceOrientationLandscapeRight";
				INFOPLIST_KEY_UISupportedInterfaceOrientations_iPhone = "UIInterfaceOrientationPortrait UIInterfaceOrientationLandscapeLeft UIInterfaceOrientationLandscapeRight";
				LD_RUNPATH_SEARCH_PATHS = (
					"$(inherited)",
					"@executable_path/Frameworks",
				);
				MARKETING_VERSION = 1.0;
				PRODUCT_BUNDLE_IDENTIFIER = education.bbell.BrandInfo;
				PRODUCT_NAME = "$(TARGET_NAME)";
				SWIFT_EMIT_LOC_STRINGS = YES;
				SWIFT_VERSION = 5.0;
				TARGETED_DEVICE_FAMILY = "1,2";
			};
			name = Debug;
		};
		EA04AB512C37CAEF003D50C9 /* Release */ = {
			isa = XCBuildConfiguration;
			buildSettings = {
				ASSETCATALOG_COMPILER_APPICON_NAME = AppIcon;
				ASSETCATALOG_COMPILER_GLOBAL_ACCENT_COLOR_NAME = AccentColor;
				CODE_SIGN_STYLE = Automatic;
				CURRENT_PROJECT_VERSION = 1;
				DEVELOPMENT_ASSET_PATHS = "\"BrandInfo/Preview Content\"";
				ENABLE_PREVIEWS = YES;
				GENERATE_INFOPLIST_FILE = YES;
				INFOPLIST_KEY_UIApplicationSceneManifest_Generation = YES;
				INFOPLIST_KEY_UIApplicationSupportsIndirectInputEvents = YES;
				INFOPLIST_KEY_UILaunchScreen_Generation = YES;
				INFOPLIST_KEY_UISupportedInterfaceOrientations_iPad = "UIInterfaceOrientationPortrait UIInterfaceOrientationPortraitUpsideDown UIInterfaceOrientationLandscapeLeft UIInterfaceOrientationLandscapeRight";
				INFOPLIST_KEY_UISupportedInterfaceOrientations_iPhone = "UIInterfaceOrientationPortrait UIInterfaceOrientationLandscapeLeft UIInterfaceOrientationLandscapeRight";
				LD_RUNPATH_SEARCH_PATHS = (
					"$(inherited)",
					"@executable_path/Frameworks",
				);
				MARKETING_VERSION = 1.0;
				PRODUCT_BUNDLE_IDENTIFIER = education.bbell.BrandInfo;
				PRODUCT_NAME = "$(TARGET_NAME)";
				SWIFT_EMIT_LOC_STRINGS = YES;
				SWIFT_VERSION = 5.0;
				TARGETED_DEVICE_FAMILY = "1,2";
			};
			name = Release;
		};
/* End XCBuildConfiguration section */

/* Begin XCConfigurationList section */
		EA04AB3C2C37CAEE003D50C9 /* Build configuration list for PBXProject "BrandInfo" */ = {
			isa = XCConfigurationList;
			buildConfigurations = (
				EA04AB4D2C37CAEF003D50C9 /* Debug */,
				EA04AB4E2C37CAEF003D50C9 /* Release */,
			);
			defaultConfigurationIsVisible = 0;
			defaultConfigurationName = Release;
		};
		EA04AB4F2C37CAEF003D50C9 /* Build configuration list for PBXNativeTarget "BrandInfo" */ = {
			isa = XCConfigurationList;
			buildConfigurations = (
				EA04AB502C37CAEF003D50C9 /* Debug */,
				EA04AB512C37CAEF003D50C9 /* Release */,
			);
			defaultConfigurationIsVisible = 0;
			defaultConfigurationName = Release;
		};
/* End XCConfigurationList section */
	};
	rootObject = EA04AB392C37CAEE003D50C9 /* Project object */;
}
