// !$*UTF8*$!
{
	archiveVersion = 1;
	classes = {
	};
	objectVersion = 56;
	objects = {

/* Begin PBXBuildFile section */
		8E4031FD2C73144500A2F0C7 /* AppDelegate.swift in Sources */ = {isa = PBXBuildFile; fileRef = 8E4031FC2C73144500A2F0C7 /* AppDelegate.swift */; };
		8E4031FF2C73144500A2F0C7 /* SceneDelegate.swift in Sources */ = {isa = PBXBuildFile; fileRef = 8E4031FE2C73144500A2F0C7 /* SceneDelegate.swift */; };
		8E4032012C73144500A2F0C7 /* GoodsListViewController.swift in Sources */ = {isa = PBXBuildFile; fileRef = 8E4032002C73144500A2F0C7 /* GoodsListViewController.swift */; };
		8E4032062C73144600A2F0C7 /* Assets.xcassets in Resources */ = {isa = PBXBuildFile; fileRef = 8E4032052C73144600A2F0C7 /* Assets.xcassets */; };
		8E4032092C73144600A2F0C7 /* Base in Resources */ = {isa = PBXBuildFile; fileRef = 8E4032082C73144600A2F0C7 /* Base */; };
		8E4032112C7337BB00A2F0C7 /* Goods.swift in Sources */ = {isa = PBXBuildFile; fileRef = 8E4032102C7337BB00A2F0C7 /* Goods.swift */; };
		8E4032132C7337CB00A2F0C7 /* Member.swift in Sources */ = {isa = PBXBuildFile; fileRef = 8E4032122C7337CB00A2F0C7 /* Member.swift */; };
		8E4032152C7337DA00A2F0C7 /* GoodsManager.swift in Sources */ = {isa = PBXBuildFile; fileRef = 8E4032142C7337DA00A2F0C7 /* GoodsManager.swift */; };
		8E4032172C73381D00A2F0C7 /* MyCell.swift in Sources */ = {isa = PBXBuildFile; fileRef = 8E4032162C73381D00A2F0C7 /* MyCell.swift */; };
		8E40321A2C73385600A2F0C7 /* Extension+UIImage.swift in Sources */ = {isa = PBXBuildFile; fileRef = 8E4032192C73385600A2F0C7 /* Extension+UIImage.swift */; };
/* End PBXBuildFile section */

/* Begin PBXFileReference section */
		8E4031F92C73144500A2F0C7 /* Shopping_LAB1.app */ = {isa = PBXFileReference; explicitFileType = wrapper.application; includeInIndex = 0; path = Shopping_LAB1.app; sourceTree = BUILT_PRODUCTS_DIR; };
		8E4031FC2C73144500A2F0C7 /* AppDelegate.swift */ = {isa = PBXFileReference; lastKnownFileType = sourcecode.swift; path = AppDelegate.swift; sourceTree = "<group>"; };
		8E4031FE2C73144500A2F0C7 /* SceneDelegate.swift */ = {isa = PBXFileReference; lastKnownFileType = sourcecode.swift; path = SceneDelegate.swift; sourceTree = "<group>"; };
		8E4032002C73144500A2F0C7 /* GoodsListViewController.swift */ = {isa = PBXFileReference; lastKnownFileType = sourcecode.swift; path = GoodsListViewController.swift; sourceTree = "<group>"; };
		8E4032052C73144600A2F0C7 /* Assets.xcassets */ = {isa = PBXFileReference; lastKnownFileType = folder.assetcatalog; path = Assets.xcassets; sourceTree = "<group>"; };
		8E4032082C73144600A2F0C7 /* Base */ = {isa = PBXFileReference; lastKnownFileType = file.storyboard; name = Base; path = Base.lproj/LaunchScreen.storyboard; sourceTree = "<group>"; };
		8E40320A2C73144600A2F0C7 /* Info.plist */ = {isa = PBXFileReference; lastKnownFileType = text.plist.xml; path = Info.plist; sourceTree = "<group>"; };
		8E4032102C7337BB00A2F0C7 /* Goods.swift */ = {isa = PBXFileReference; lastKnownFileType = sourcecode.swift; path = Goods.swift; sourceTree = "<group>"; };
		8E4032122C7337CB00A2F0C7 /* Member.swift */ = {isa = PBXFileReference; lastKnownFileType = sourcecode.swift; path = Member.swift; sourceTree = "<group>"; };
		8E4032142C7337DA00A2F0C7 /* GoodsManager.swift */ = {isa = PBXFileReference; lastKnownFileType = sourcecode.swift; path = GoodsManager.swift; sourceTree = "<group>"; };
		8E4032162C73381D00A2F0C7 /* MyCell.swift */ = {isa = PBXFileReference; lastKnownFileType = sourcecode.swift; path = MyCell.swift; sourceTree = "<group>"; };
		8E4032192C73385600A2F0C7 /* Extension+UIImage.swift */ = {isa = PBXFileReference; lastKnownFileType = sourcecode.swift; path = "Extension+UIImage.swift"; sourceTree = "<group>"; };
/* End PBXFileReference section */

/* Begin PBXFrameworksBuildPhase section */
		8E4031F62C73144500A2F0C7 /* Frameworks */ = {
			isa = PBXFrameworksBuildPhase;
			buildActionMask = 2147483647;
			files = (
			);
			runOnlyForDeploymentPostprocessing = 0;
		};
/* End PBXFrameworksBuildPhase section */

/* Begin PBXGroup section */
		8E4031F02C73144500A2F0C7 = {
			isa = PBXGroup;
			children = (
				8E4031FB2C73144500A2F0C7 /* Shopping_LAB1 */,
				8E4031FA2C73144500A2F0C7 /* Products */,
			);
			sourceTree = "<group>";
		};
		8E4031FA2C73144500A2F0C7 /* Products */ = {
			isa = PBXGroup;
			children = (
				8E4031F92C73144500A2F0C7 /* Shopping_LAB1.app */,
			);
			name = Products;
			sourceTree = "<group>";
		};
		8E4031FB2C73144500A2F0C7 /* Shopping_LAB1 */ = {
			isa = PBXGroup;
			children = (
				8E4031FC2C73144500A2F0C7 /* AppDelegate.swift */,
				8E4031FE2C73144500A2F0C7 /* SceneDelegate.swift */,
				8E40321E2C73398D00A2F0C7 /* Custom */,
				8E40321C2C73389100A2F0C7 /* ViewController */,
				8E40321D2C73392600A2F0C7 /* Data */,
				8E40321B2C73387800A2F0C7 /* Model */,
				8E4032182C73383900A2F0C7 /* Extension */,
				8E4032052C73144600A2F0C7 /* Assets.xcassets */,
				8E4032072C73144600A2F0C7 /* LaunchScreen.storyboard */,
				8E40320A2C73144600A2F0C7 /* Info.plist */,
			);
			path = Shopping_LAB1;
			sourceTree = "<group>";
		};
		8E4032182C73383900A2F0C7 /* Extension */ = {
			isa = PBXGroup;
			children = (
				8E4032192C73385600A2F0C7 /* Extension+UIImage.swift */,
			);
			path = Extension;
			sourceTree = "<group>";
		};
		8E40321B2C73387800A2F0C7 /* Model */ = {
			isa = PBXGroup;
			children = (
				8E4032122C7337CB00A2F0C7 /* Member.swift */,
				8E4032102C7337BB00A2F0C7 /* Goods.swift */,
			);
			path = Model;
			sourceTree = "<group>";
		};
		8E40321C2C73389100A2F0C7 /* ViewController */ = {
			isa = PBXGroup;
			children = (
				8E4032002C73144500A2F0C7 /* GoodsListViewController.swift */,
			);
			path = ViewController;
			sourceTree = "<group>";
		};
		8E40321D2C73392600A2F0C7 /* Data */ = {
			isa = PBXGroup;
			children = (
				8E4032142C7337DA00A2F0C7 /* GoodsManager.swift */,
			);
			path = Data;
			sourceTree = "<group>";
		};
		8E40321E2C73398D00A2F0C7 /* Custom */ = {
			isa = PBXGroup;
			children = (
				8E4032162C73381D00A2F0C7 /* MyCell.swift */,
			);
			path = Custom;
			sourceTree = "<group>";
		};
/* End PBXGroup section */

/* Begin PBXNativeTarget section */
		8E4031F82C73144500A2F0C7 /* Shopping_LAB1 */ = {
			isa = PBXNativeTarget;
			buildConfigurationList = 8E40320D2C73144600A2F0C7 /* Build configuration list for PBXNativeTarget "Shopping_LAB1" */;
			buildPhases = (
				8E4031F52C73144500A2F0C7 /* Sources */,
				8E4031F62C73144500A2F0C7 /* Frameworks */,
				8E4031F72C73144500A2F0C7 /* Resources */,
			);
			buildRules = (
			);
			dependencies = (
			);
			name = Shopping_LAB1;
			productName = Shopping_LAB1;
			productReference = 8E4031F92C73144500A2F0C7 /* Shopping_LAB1.app */;
			productType = "com.apple.product-type.application";
		};
/* End PBXNativeTarget section */

/* Begin PBXProject section */
		8E4031F12C73144500A2F0C7 /* Project object */ = {
			isa = PBXProject;
			attributes = {
				BuildIndependentTargetsInParallel = 1;
				LastSwiftUpdateCheck = 1540;
				LastUpgradeCheck = 1540;
				TargetAttributes = {
					8E4031F82C73144500A2F0C7 = {
						CreatedOnToolsVersion = 15.4;
					};
				};
			};
			buildConfigurationList = 8E4031F42C73144500A2F0C7 /* Build configuration list for PBXProject "Shopping_LAB1" */;
			compatibilityVersion = "Xcode 14.0";
			developmentRegion = en;
			hasScannedForEncodings = 0;
			knownRegions = (
				en,
				Base,
			);
			mainGroup = 8E4031F02C73144500A2F0C7;
			productRefGroup = 8E4031FA2C73144500A2F0C7 /* Products */;
			projectDirPath = "";
			projectRoot = "";
			targets = (
				8E4031F82C73144500A2F0C7 /* Shopping_LAB1 */,
			);
		};
/* End PBXProject section */

/* Begin PBXResourcesBuildPhase section */
		8E4031F72C73144500A2F0C7 /* Resources */ = {
			isa = PBXResourcesBuildPhase;
			buildActionMask = 2147483647;
			files = (
				8E4032062C73144600A2F0C7 /* Assets.xcassets in Resources */,
				8E4032092C73144600A2F0C7 /* Base in Resources */,
			);
			runOnlyForDeploymentPostprocessing = 0;
		};
/* End PBXResourcesBuildPhase section */

/* Begin PBXSourcesBuildPhase section */
		8E4031F52C73144500A2F0C7 /* Sources */ = {
			isa = PBXSourcesBuildPhase;
			buildActionMask = 2147483647;
			files = (
				8E4032012C73144500A2F0C7 /* GoodsListViewController.swift in Sources */,
				8E4031FD2C73144500A2F0C7 /* AppDelegate.swift in Sources */,
				8E4032112C7337BB00A2F0C7 /* Goods.swift in Sources */,
				8E40321A2C73385600A2F0C7 /* Extension+UIImage.swift in Sources */,
				8E4031FF2C73144500A2F0C7 /* SceneDelegate.swift in Sources */,
				8E4032172C73381D00A2F0C7 /* MyCell.swift in Sources */,
				8E4032152C7337DA00A2F0C7 /* GoodsManager.swift in Sources */,
				8E4032132C7337CB00A2F0C7 /* Member.swift in Sources */,
			);
			runOnlyForDeploymentPostprocessing = 0;
		};
/* End PBXSourcesBuildPhase section */

/* Begin PBXVariantGroup section */
		8E4032072C73144600A2F0C7 /* LaunchScreen.storyboard */ = {
			isa = PBXVariantGroup;
			children = (
				8E4032082C73144600A2F0C7 /* Base */,
			);
			name = LaunchScreen.storyboard;
			sourceTree = "<group>";
		};
/* End PBXVariantGroup section */

/* Begin XCBuildConfiguration section */
		8E40320B2C73144600A2F0C7 /* Debug */ = {
			isa = XCBuildConfiguration;
			buildSettings = {
				ALWAYS_SEARCH_USER_PATHS = NO;
				ASSETCATALOG_COMPILER_GENERATE_SWIFT_ASSET_SYMBOL_EXTENSIONS = YES;
				CLANG_ANALYZER_NONNULL = YES;
				CLANG_ANALYZER_NUMBER_OBJECT_CONVERSION = YES_AGGRESSIVE;
				CLANG_CXX_LANGUAGE_STANDARD = "gnu++20";
				CLANG_ENABLE_MODULES = YES;
				CLANG_ENABLE_OBJC_ARC = YES;
				CLANG_ENABLE_OBJC_WEAK = YES;
				CLANG_WARN_BLOCK_CAPTURE_AUTORELEASING = YES;
				CLANG_WARN_BOOL_CONVERSION = YES;
				CLANG_WARN_COMMA = YES;
				CLANG_WARN_CONSTANT_CONVERSION = YES;
				CLANG_WARN_DEPRECATED_OBJC_IMPLEMENTATIONS = YES;
				CLANG_WARN_DIRECT_OBJC_ISA_USAGE = YES_ERROR;
				CLANG_WARN_DOCUMENTATION_COMMENTS = YES;
				CLANG_WARN_EMPTY_BODY = YES;
				CLANG_WARN_ENUM_CONVERSION = YES;
				CLANG_WARN_INFINITE_RECURSION = YES;
				CLANG_WARN_INT_CONVERSION = YES;
				CLANG_WARN_NON_LITERAL_NULL_CONVERSION = YES;
				CLANG_WARN_OBJC_IMPLICIT_RETAIN_SELF = YES;
				CLANG_WARN_OBJC_LITERAL_CONVERSION = YES;
				CLANG_WARN_OBJC_ROOT_CLASS = YES_ERROR;
				CLANG_WARN_QUOTED_INCLUDE_IN_FRAMEWORK_HEADER = YES;
				CLANG_WARN_RANGE_LOOP_ANALYSIS = YES;
				CLANG_WARN_STRICT_PROTOTYPES = YES;
				CLANG_WARN_SUSPICIOUS_MOVE = YES;
				CLANG_WARN_UNGUARDED_AVAILABILITY = YES_AGGRESSIVE;
				CLANG_WARN_UNREACHABLE_CODE = YES;
				CLANG_WARN__DUPLICATE_METHOD_MATCH = YES;
				COPY_PHASE_STRIP = NO;
				DEBUG_INFORMATION_FORMAT = dwarf;
				ENABLE_STRICT_OBJC_MSGSEND = YES;
				ENABLE_TESTABILITY = YES;
				ENABLE_USER_SCRIPT_SANDBOXING = YES;
				GCC_C_LANGUAGE_STANDARD = gnu17;
				GCC_DYNAMIC_NO_PIC = NO;
				GCC_NO_COMMON_BLOCKS = YES;
				GCC_OPTIMIZATION_LEVEL = 0;
				GCC_PREPROCESSOR_DEFINITIONS = (
					"DEBUG=1",
					"$(inherited)",
				);
				GCC_WARN_64_TO_32_BIT_CONVERSION = YES;
				GCC_WARN_ABOUT_RETURN_TYPE = YES_ERROR;
				GCC_WARN_UNDECLARED_SELECTOR = YES;
				GCC_WARN_UNINITIALIZED_AUTOS = YES_AGGRESSIVE;
				GCC_WARN_UNUSED_FUNCTION = YES;
				GCC_WARN_UNUSED_VARIABLE = YES;
				IPHONEOS_DEPLOYMENT_TARGET = 17.5;
				LOCALIZATION_PREFERS_STRING_CATALOGS = YES;
				MTL_ENABLE_DEBUG_INFO = INCLUDE_SOURCE;
				MTL_FAST_MATH = YES;
				ONLY_ACTIVE_ARCH = YES;
				SDKROOT = iphoneos;
				SWIFT_ACTIVE_COMPILATION_CONDITIONS = "DEBUG $(inherited)";
				SWIFT_OPTIMIZATION_LEVEL = "-Onone";
			};
			name = Debug;
		};
		8E40320C2C73144600A2F0C7 /* Release */ = {
			isa = XCBuildConfiguration;
			buildSettings = {
				ALWAYS_SEARCH_USER_PATHS = NO;
				ASSETCATALOG_COMPILER_GENERATE_SWIFT_ASSET_SYMBOL_EXTENSIONS = YES;
				CLANG_ANALYZER_NONNULL = YES;
				CLANG_ANALYZER_NUMBER_OBJECT_CONVERSION = YES_AGGRESSIVE;
				CLANG_CXX_LANGUAGE_STANDARD = "gnu++20";
				CLANG_ENABLE_MODULES = YES;
				CLANG_ENABLE_OBJC_ARC = YES;
				CLANG_ENABLE_OBJC_WEAK = YES;
				CLANG_WARN_BLOCK_CAPTURE_AUTORELEASING = YES;
				CLANG_WARN_BOOL_CONVERSION = YES;
				CLANG_WARN_COMMA = YES;
				CLANG_WARN_CONSTANT_CONVERSION = YES;
				CLANG_WARN_DEPRECATED_OBJC_IMPLEMENTATIONS = YES;
				CLANG_WARN_DIRECT_OBJC_ISA_USAGE = YES_ERROR;
				CLANG_WARN_DOCUMENTATION_COMMENTS = YES;
				CLANG_WARN_EMPTY_BODY = YES;
				CLANG_WARN_ENUM_CONVERSION = YES;
				CLANG_WARN_INFINITE_RECURSION = YES;
				CLANG_WARN_INT_CONVERSION = YES;
				CLANG_WARN_NON_LITERAL_NULL_CONVERSION = YES;
				CLANG_WARN_OBJC_IMPLICIT_RETAIN_SELF = YES;
				CLANG_WARN_OBJC_LITERAL_CONVERSION = YES;
				CLANG_WARN_OBJC_ROOT_CLASS = YES_ERROR;
				CLANG_WARN_QUOTED_INCLUDE_IN_FRAMEWORK_HEADER = YES;
				CLANG_WARN_RANGE_LOOP_ANALYSIS = YES;
				CLANG_WARN_STRICT_PROTOTYPES = YES;
				CLANG_WARN_SUSPICIOUS_MOVE = YES;
				CLANG_WARN_UNGUARDED_AVAILABILITY = YES_AGGRESSIVE;
				CLANG_WARN_UNREACHABLE_CODE = YES;
				CLANG_WARN__DUPLICATE_METHOD_MATCH = YES;
				COPY_PHASE_STRIP = NO;
				DEBUG_INFORMATION_FORMAT = "dwarf-with-dsym";
				ENABLE_NS_ASSERTIONS = NO;
				ENABLE_STRICT_OBJC_MSGSEND = YES;
				ENABLE_USER_SCRIPT_SANDBOXING = YES;
				GCC_C_LANGUAGE_STANDARD = gnu17;
				GCC_NO_COMMON_BLOCKS = YES;
				GCC_WARN_64_TO_32_BIT_CONVERSION = YES;
				GCC_WARN_ABOUT_RETURN_TYPE = YES_ERROR;
				GCC_WARN_UNDECLARED_SELECTOR = YES;
				GCC_WARN_UNINITIALIZED_AUTOS = YES_AGGRESSIVE;
				GCC_WARN_UNUSED_FUNCTION = YES;
				GCC_WARN_UNUSED_VARIABLE = YES;
				IPHONEOS_DEPLOYMENT_TARGET = 17.5;
				LOCALIZATION_PREFERS_STRING_CATALOGS = YES;
				MTL_ENABLE_DEBUG_INFO = NO;
				MTL_FAST_MATH = YES;
				SDKROOT = iphoneos;
				SWIFT_COMPILATION_MODE = wholemodule;
				VALIDATE_PRODUCT = YES;
			};
			name = Release;
		};
		8E40320E2C73144600A2F0C7 /* Debug */ = {
			isa = XCBuildConfiguration;
			buildSettings = {
				ASSETCATALOG_COMPILER_APPICON_NAME = AppIcon;
				ASSETCATALOG_COMPILER_GLOBAL_ACCENT_COLOR_NAME = AccentColor;
				CODE_SIGN_STYLE = Automatic;
				CURRENT_PROJECT_VERSION = 1;
				GENERATE_INFOPLIST_FILE = YES;
				INFOPLIST_FILE = Shopping_LAB1/Info.plist;
				INFOPLIST_KEY_UIApplicationSupportsIndirectInputEvents = YES;
				INFOPLIST_KEY_UILaunchStoryboardName = LaunchScreen;
				INFOPLIST_KEY_UISupportedInterfaceOrientations_iPad = "UIInterfaceOrientationPortrait UIInterfaceOrientationPortraitUpsideDown UIInterfaceOrientationLandscapeLeft UIInterfaceOrientationLandscapeRight";
				INFOPLIST_KEY_UISupportedInterfaceOrientations_iPhone = "UIInterfaceOrientationPortrait UIInterfaceOrientationLandscapeLeft UIInterfaceOrientationLandscapeRight";
				LD_RUNPATH_SEARCH_PATHS = (
					"$(inherited)",
					"@executable_path/Frameworks",
				);
				MARKETING_VERSION = 1.0;
				PRODUCT_BUNDLE_IDENTIFIER = "education.techit.Shopping-LAB1";
				PRODUCT_NAME = "$(TARGET_NAME)";
				SUPPORTED_PLATFORMS = "iphoneos iphonesimulator";
				SUPPORTS_MACCATALYST = NO;
				SUPPORTS_MAC_DESIGNED_FOR_IPHONE_IPAD = NO;
				SUPPORTS_XR_DESIGNED_FOR_IPHONE_IPAD = NO;
				SWIFT_EMIT_LOC_STRINGS = YES;
				SWIFT_VERSION = 5.0;
				TARGETED_DEVICE_FAMILY = "1,2";
			};
			name = Debug;
		};
		8E40320F2C73144600A2F0C7 /* Release */ = {
			isa = XCBuildConfiguration;
			buildSettings = {
				ASSETCATALOG_COMPILER_APPICON_NAME = AppIcon;
				ASSETCATALOG_COMPILER_GLOBAL_ACCENT_COLOR_NAME = AccentColor;
				CODE_SIGN_STYLE = Automatic;
				CURRENT_PROJECT_VERSION = 1;
				GENERATE_INFOPLIST_FILE = YES;
				INFOPLIST_FILE = Shopping_LAB1/Info.plist;
				INFOPLIST_KEY_UIApplicationSupportsIndirectInputEvents = YES;
				INFOPLIST_KEY_UILaunchStoryboardName = LaunchScreen;
				INFOPLIST_KEY_UISupportedInterfaceOrientations_iPad = "UIInterfaceOrientationPortrait UIInterfaceOrientationPortraitUpsideDown UIInterfaceOrientationLandscapeLeft UIInterfaceOrientationLandscapeRight";
				INFOPLIST_KEY_UISupportedInterfaceOrientations_iPhone = "UIInterfaceOrientationPortrait UIInterfaceOrientationLandscapeLeft UIInterfaceOrientationLandscapeRight";
				LD_RUNPATH_SEARCH_PATHS = (
					"$(inherited)",
					"@executable_path/Frameworks",
				);
				MARKETING_VERSION = 1.0;
				PRODUCT_BUNDLE_IDENTIFIER = "education.techit.Shopping-LAB1";
				PRODUCT_NAME = "$(TARGET_NAME)";
				SUPPORTED_PLATFORMS = "iphoneos iphonesimulator";
				SUPPORTS_MACCATALYST = NO;
				SUPPORTS_MAC_DESIGNED_FOR_IPHONE_IPAD = NO;
				SUPPORTS_XR_DESIGNED_FOR_IPHONE_IPAD = NO;
				SWIFT_EMIT_LOC_STRINGS = YES;
				SWIFT_VERSION = 5.0;
				TARGETED_DEVICE_FAMILY = "1,2";
			};
			name = Release;
		};
/* End XCBuildConfiguration section */

/* Begin XCConfigurationList section */
		8E4031F42C73144500A2F0C7 /* Build configuration list for PBXProject "Shopping_LAB1" */ = {
			isa = XCConfigurationList;
			buildConfigurations = (
				8E40320B2C73144600A2F0C7 /* Debug */,
				8E40320C2C73144600A2F0C7 /* Release */,
			);
			defaultConfigurationIsVisible = 0;
			defaultConfigurationName = Release;
		};
		8E40320D2C73144600A2F0C7 /* Build configuration list for PBXNativeTarget "Shopping_LAB1" */ = {
			isa = XCConfigurationList;
			buildConfigurations = (
				8E40320E2C73144600A2F0C7 /* Debug */,
				8E40320F2C73144600A2F0C7 /* Release */,
			);
			defaultConfigurationIsVisible = 0;
			defaultConfigurationName = Release;
		};
/* End XCConfigurationList section */
	};
	rootObject = 8E4031F12C73144500A2F0C7 /* Project object */;
}
